
Microsoft Visual Studio Solution File, Format Version 12.00
# Visual Studio Version 16
VisualStudioVersion = 25.0.1703.5
MinimumVisualStudioVersion = 10.0.40219.1
Project("{FAE04EC0-301F-11D3-BF4B-00C04F79EFBC}") = "practicheska_3", "practicheska_3\practicheska_3.csproj", "{F96FA09B-25E4-4A72-BC62-00FEE37F3720}"
EndProject
Global
	GlobalSection(SolutionConfigurationPlatforms) = preSolution
		Debug|Any CPU = Debug|Any CPU
		Release|Any CPU = Release|Any CPU
	EndGlobalSection
	GlobalSection(ProjectConfigurationPlatforms) = postSolution
		{F96FA09B-25E4-4A72-BC62-00FEE37F3720}.Debug|Any CPU.ActiveCfg = Debug|Any CPU
		{F96FA09B-25E4-4A72-BC62-00FEE37F3720}.Debug|Any CPU.Build.0 = Debug|Any CPU
		{F96FA09B-25E4-4A72-BC62-00FEE37F3720}.Release|Any CPU.ActiveCfg = Release|Any CPU
		{F96FA09B-25E4-4A72-BC62-00FEE37F3720}.Release|Any CPU.Build.0 = Release|Any CPU
	EndGlobalSection
	GlobalSection(SolutionProperties) = preSolution
		HideSolutionNode = FALSE
	EndGlobalSection
	GlobalSection(ExtensibilityGlobals) = postSolution
		SolutionGuid = {26C7AA20-780A-45C2-94D0-C92A2DE9539D}
	EndGlobalSection
EndGlobal
